
Microsoft Visual Studio Solution File, Format Version 12.00
Project("{FAE04EC0-301F-11D3-BF4B-00C04F79EFBC}") = "Lab12", "Lab12\Lab12.csproj", "{5F561113-FA08-4A68-A4BF-BA37265B4E69}"
EndProject
Project("{FAE04EC0-301F-11D3-BF4B-00C04F79EFBC}") = "AdditionalFunctions", "AdditionalFunctions\AdditionalFunctions.csproj", "{8EF85F49-9C27-4A32-AFA8-8BF06B9FBEED}"
EndProject
Project("{FAE04EC0-301F-11D3-BF4B-00C04F79EFBC}") = "ClassLibraryLab9", "ClassLibraryLab9\ClassLibraryLab9.csproj", "{BB313129-88D5-4306-8C6C-51594F410925}"
EndProject
Project("{FAE04EC0-301F-11D3-BF4B-00C04F79EFBC}") = "ClassLibraryLab10", "ClassLibraryLab10\ClassLibraryLab10.csproj", "{3A52514D-2D88-4E6D-82C2-D9557A98F20D}"
EndProject
Project("{FAE04EC0-301F-11D3-BF4B-00C04F79EFBC}") = "CommonClasses", "CommonClasses\CommonClasses.csproj", "{DC4F0E0B-2334-483F-82F3-37FD9B3FFF78}"
EndProject
Project("{FAE04EC0-301F-11D3-BF4B-00C04F79EFBC}") = "Interfaces", "Interfaces\Interfaces.csproj", "{C21AF395-7A55-471D-938B-5C5AA90F0FFF}"
EndProject
Global
	GlobalSection(SolutionConfigurationPlatforms) = preSolution
		Debug|Any CPU = Debug|Any CPU
		Release|Any CPU = Release|Any CPU
	EndGlobalSection
	GlobalSection(ProjectConfigurationPlatforms) = postSolution
		{5F561113-FA08-4A68-A4BF-BA37265B4E69}.Debug|Any CPU.ActiveCfg = Debug|Any CPU
		{5F561113-FA08-4A68-A4BF-BA37265B4E69}.Debug|Any CPU.Build.0 = Debug|Any CPU
		{5F561113-FA08-4A68-A4BF-BA37265B4E69}.Release|Any CPU.ActiveCfg = Release|Any CPU
		{5F561113-FA08-4A68-A4BF-BA37265B4E69}.Release|Any CPU.Build.0 = Release|Any CPU
		{8EF85F49-9C27-4A32-AFA8-8BF06B9FBEED}.Debug|Any CPU.ActiveCfg = Debug|Any CPU
		{8EF85F49-9C27-4A32-AFA8-8BF06B9FBEED}.Debug|Any CPU.Build.0 = Debug|Any CPU
		{8EF85F49-9C27-4A32-AFA8-8BF06B9FBEED}.Release|Any CPU.ActiveCfg = Release|Any CPU
		{8EF85F49-9C27-4A32-AFA8-8BF06B9FBEED}.Release|Any CPU.Build.0 = Release|Any CPU
		{BB313129-88D5-4306-8C6C-51594F410925}.Debug|Any CPU.ActiveCfg = Debug|Any CPU
		{BB313129-88D5-4306-8C6C-51594F410925}.Debug|Any CPU.Build.0 = Debug|Any CPU
		{BB313129-88D5-4306-8C6C-51594F410925}.Release|Any CPU.ActiveCfg = Release|Any CPU
		{BB313129-88D5-4306-8C6C-51594F410925}.Release|Any CPU.Build.0 = Release|Any CPU
		{3A52514D-2D88-4E6D-82C2-D9557A98F20D}.Debug|Any CPU.ActiveCfg = Debug|Any CPU
		{3A52514D-2D88-4E6D-82C2-D9557A98F20D}.Debug|Any CPU.Build.0 = Debug|Any CPU
		{3A52514D-2D88-4E6D-82C2-D9557A98F20D}.Release|Any CPU.ActiveCfg = Release|Any CPU
		{3A52514D-2D88-4E6D-82C2-D9557A98F20D}.Release|Any CPU.Build.0 = Release|Any CPU
		{DC4F0E0B-2334-483F-82F3-37FD9B3FFF78}.Debug|Any CPU.ActiveCfg = Debug|Any CPU
		{DC4F0E0B-2334-483F-82F3-37FD9B3FFF78}.Debug|Any CPU.Build.0 = Debug|Any CPU
		{DC4F0E0B-2334-483F-82F3-37FD9B3FFF78}.Release|Any CPU.ActiveCfg = Release|Any CPU
		{DC4F0E0B-2334-483F-82F3-37FD9B3FFF78}.Release|Any CPU.Build.0 = Release|Any CPU
		{C21AF395-7A55-471D-938B-5C5AA90F0FFF}.Debug|Any CPU.ActiveCfg = Debug|Any CPU
		{C21AF395-7A55-471D-938B-5C5AA90F0FFF}.Debug|Any CPU.Build.0 = Debug|Any CPU
		{C21AF395-7A55-471D-938B-5C5AA90F0FFF}.Release|Any CPU.ActiveCfg = Release|Any CPU
		{C21AF395-7A55-471D-938B-5C5AA90F0FFF}.Release|Any CPU.Build.0 = Release|Any CPU
	EndGlobalSection
EndGlobal
